
Microsoft Visual Studio Solution File, Format Version 12.00
# Visual Studio Version 17
VisualStudioVersion = 17.4.33122.133
MinimumVisualStudioVersion = 10.0.40219.1
Project("{FAE04EC0-301F-11D3-BF4B-00C04F79EFBC}") = "HRConsole", "HRConsole\HRConsole.csproj", "{3982C254-8E43-4490-AFD9-C90C74823B52}"
EndProject
Project("{F184B08F-C81C-45F6-A57F-5ABD9991F28F}") = "VBHRDBLib", "VBHRDBLib\VBHRDBLib.vbproj", "{A5B89E23-8FE0-4246-B7B8-185E5A56695F}"
EndProject
Global
	GlobalSection(SolutionConfigurationPlatforms) = preSolution
		Debug|Any CPU = Debug|Any CPU
		Release|Any CPU = Release|Any CPU
	EndGlobalSection
	GlobalSection(ProjectConfigurationPlatforms) = postSolution
		{3982C254-8E43-4490-AFD9-C90C74823B52}.Debug|Any CPU.ActiveCfg = Debug|Any CPU
		{3982C254-8E43-4490-AFD9-C90C74823B52}.Debug|Any CPU.Build.0 = Debug|Any CPU
		{3982C254-8E43-4490-AFD9-C90C74823B52}.Release|Any CPU.ActiveCfg = Release|Any CPU
		{3982C254-8E43-4490-AFD9-C90C74823B52}.Release|Any CPU.Build.0 = Release|Any CPU
		{A5B89E23-8FE0-4246-B7B8-185E5A56695F}.Debug|Any CPU.ActiveCfg = Debug|Any CPU
		{A5B89E23-8FE0-4246-B7B8-185E5A56695F}.Debug|Any CPU.Build.0 = Debug|Any CPU
		{A5B89E23-8FE0-4246-B7B8-185E5A56695F}.Release|Any CPU.ActiveCfg = Release|Any CPU
		{A5B89E23-8FE0-4246-B7B8-185E5A56695F}.Release|Any CPU.Build.0 = Release|Any CPU
	EndGlobalSection
	GlobalSection(SolutionProperties) = preSolution
		HideSolutionNode = FALSE
	EndGlobalSection
	GlobalSection(ExtensibilityGlobals) = postSolution
		SolutionGuid = {1AB03329-FEF4-4CFC-A713-FD11F3699330}
	EndGlobalSection
EndGlobal
